
Microsoft Visual Studio Solution File, Format Version 12.00
# Visual Studio Version 17
VisualStudioVersion = 17.13.35913.81
MinimumVisualStudioVersion = 10.0.40219.1
Project("{FAE04EC0-301F-11D3-BF4B-00C04F79EFBC}") = "AgriEnergy_ConnectApp", "AgriEnergy_ConnectApp.csproj", "{24F6E095-5C28-42B9-9456-645130A1CE81}"
EndProject
Global
	GlobalSection(SolutionConfigurationPlatforms) = preSolution
		Debug|Any CPU = Debug|Any CPU
		Release|Any CPU = Release|Any CPU
	EndGlobalSection
	GlobalSection(ProjectConfigurationPlatforms) = postSolution
		{24F6E095-5C28-42B9-9456-645130A1CE81}.Debug|Any CPU.ActiveCfg = Debug|Any CPU
		{24F6E095-5C28-42B9-9456-645130A1CE81}.Debug|Any CPU.Build.0 = Debug|Any CPU
		{24F6E095-5C28-42B9-9456-645130A1CE81}.Release|Any CPU.ActiveCfg = Release|Any CPU
		{24F6E095-5C28-42B9-9456-645130A1CE81}.Release|Any CPU.Build.0 = Release|Any CPU
	EndGlobalSection
	GlobalSection(SolutionProperties) = preSolution
		HideSolutionNode = FALSE
	EndGlobalSection
	GlobalSection(ExtensibilityGlobals) = postSolution
		SolutionGuid = {E7547471-139A-4F20-B4E6-B91708FC2B10}
	EndGlobalSection
EndGlobal
